
Microsoft Visual Studio Solution File, Format Version 12.00
Project("{FAE04EC0-301F-11D3-BF4B-00C04F79EFBC}") = "Programming Challenge", "Programming Challenge\Programming Challenge.csproj", "{433B2F8E-ABBA-4340-86F0-33828342FDE2}"
EndProject
Project("{FAE04EC0-301F-11D3-BF4B-00C04F79EFBC}") = "Tests", "Tests\Tests.csproj", "{AE6EC8F9-8A44-4488-8C07-9868F07CFA6D}"
EndProject
Global
	GlobalSection(SolutionConfigurationPlatforms) = preSolution
		Debug|Any CPU = Debug|Any CPU
		Release|Any CPU = Release|Any CPU
	EndGlobalSection
	GlobalSection(ProjectConfigurationPlatforms) = postSolution
		{433B2F8E-ABBA-4340-86F0-33828342FDE2}.Debug|Any CPU.ActiveCfg = Debug|Any CPU
		{433B2F8E-ABBA-4340-86F0-33828342FDE2}.Debug|Any CPU.Build.0 = Debug|Any CPU
		{433B2F8E-ABBA-4340-86F0-33828342FDE2}.Release|Any CPU.ActiveCfg = Release|Any CPU
		{433B2F8E-ABBA-4340-86F0-33828342FDE2}.Release|Any CPU.Build.0 = Release|Any CPU
		{AE6EC8F9-8A44-4488-8C07-9868F07CFA6D}.Debug|Any CPU.ActiveCfg = Debug|Any CPU
		{AE6EC8F9-8A44-4488-8C07-9868F07CFA6D}.Debug|Any CPU.Build.0 = Debug|Any CPU
		{AE6EC8F9-8A44-4488-8C07-9868F07CFA6D}.Release|Any CPU.ActiveCfg = Release|Any CPU
		{AE6EC8F9-8A44-4488-8C07-9868F07CFA6D}.Release|Any CPU.Build.0 = Release|Any CPU
	EndGlobalSection
EndGlobal
